// !$*UTF8*$!
{
	archiveVersion = 1;
	classes = {
	};
	objectVersion = 56;
	objects = {

/* Begin PBXBuildFile section */
		1082DBE32A667D4E006870CE /* NetworkManager in Frameworks */ = {isa = PBXBuildFile; productRef = 1082DBE22A667D4E006870CE /* NetworkManager */; };
		10BE58DE2A66BA7200256261 /* AllDestinationsView.swift in Sources */ = {isa = PBXBuildFile; fileRef = 10BE58DD2A66BA7200256261 /* AllDestinationsView.swift */; };
		10FE8B492A680A4700705B9C /* SearchForDestinationView.swift in Sources */ = {isa = PBXBuildFile; fileRef = 10FE8B482A680A4700705B9C /* SearchForDestinationView.swift */; };
		10FE8B4B2A682C1B00705B9C /* DestinationTileView.swift in Sources */ = {isa = PBXBuildFile; fileRef = 10FE8B4A2A682C1B00705B9C /* DestinationTileView.swift */; };
		13ED18D52A669C0B0005CFCE /* CategoryCardHeaderView.swift in Sources */ = {isa = PBXBuildFile; fileRef = 13ED18D42A669C0B0005CFCE /* CategoryCardHeaderView.swift */; };
		13ED18D82A669C980005CFCE /* RoundedCornder.swift in Sources */ = {isa = PBXBuildFile; fileRef = 13ED18D72A669C980005CFCE /* RoundedCornder.swift */; };
		13ED18DA2A669D2D0005CFCE /* CategoryCardFooterView.swift in Sources */ = {isa = PBXBuildFile; fileRef = 13ED18D92A669D2D0005CFCE /* CategoryCardFooterView.swift */; };
		13F378922A65434700EE2A0A /* Category.swift in Sources */ = {isa = PBXBuildFile; fileRef = 13F378912A65434700EE2A0A /* Category.swift */; };
		13F378942A65435E00EE2A0A /* Restaurant.swift in Sources */ = {isa = PBXBuildFile; fileRef = 13F378932A65435E00EE2A0A /* Restaurant.swift */; };
		13F378962A65437500EE2A0A /* Activity.swift in Sources */ = {isa = PBXBuildFile; fileRef = 13F378952A65437500EE2A0A /* Activity.swift */; };
		13F378992A6543BA00EE2A0A /* ActivityViewModel.swift in Sources */ = {isa = PBXBuildFile; fileRef = 13F378982A6543B900EE2A0A /* ActivityViewModel.swift */; };
		13F3789B2A6543F500EE2A0A /* CategoryDetailLoadingView.swift in Sources */ = {isa = PBXBuildFile; fileRef = 13F3789A2A6543F500EE2A0A /* CategoryDetailLoadingView.swift */; };
		13F3789D2A65444500EE2A0A /* CategoryDetailErrorView.swift in Sources */ = {isa = PBXBuildFile; fileRef = 13F3789C2A65444500EE2A0A /* CategoryDetailErrorView.swift */; };
		13F3789F2A65445700EE2A0A /* CategoryDetailCardView.swift in Sources */ = {isa = PBXBuildFile; fileRef = 13F3789E2A65445700EE2A0A /* CategoryDetailCardView.swift */; };
		13F378A12A65452000EE2A0A /* PopularDestinationTile.swift in Sources */ = {isa = PBXBuildFile; fileRef = 13F378A02A65452000EE2A0A /* PopularDestinationTile.swift */; };
		13F378A32A65455500EE2A0A /* DestinationViewModel.swift in Sources */ = {isa = PBXBuildFile; fileRef = 13F378A22A65455500EE2A0A /* DestinationViewModel.swift */; };
		13F378A52A65458100EE2A0A /* DestinationDetailView.swift in Sources */ = {isa = PBXBuildFile; fileRef = 13F378A42A65458100EE2A0A /* DestinationDetailView.swift */; };
		13F378A72A6545BB00EE2A0A /* Attraction.swift in Sources */ = {isa = PBXBuildFile; fileRef = 13F378A62A6545BB00EE2A0A /* Attraction.swift */; };
		13F378A92A6545D500EE2A0A /* CustomMapAnnotation.swift in Sources */ = {isa = PBXBuildFile; fileRef = 13F378A82A6545D500EE2A0A /* CustomMapAnnotation.swift */; };
		13F378AB2A65462500EE2A0A /* ActivityTile.swift in Sources */ = {isa = PBXBuildFile; fileRef = 13F378AA2A65462500EE2A0A /* ActivityTile.swift */; };
		13F378AD2A65469400EE2A0A /* RestaurantDetail.swift in Sources */ = {isa = PBXBuildFile; fileRef = 13F378AC2A65469400EE2A0A /* RestaurantDetail.swift */; };
		13F378AF2A6546B900EE2A0A /* Review.swift in Sources */ = {isa = PBXBuildFile; fileRef = 13F378AE2A6546B900EE2A0A /* Review.swift */; };
		13F378B32A6546E700EE2A0A /* ActivityDetailViewModel.swift in Sources */ = {isa = PBXBuildFile; fileRef = 13F378B22A6546E700EE2A0A /* ActivityDetailViewModel.swift */; };
		13F378B72A65473C00EE2A0A /* DiscoverUserView.swift in Sources */ = {isa = PBXBuildFile; fileRef = 13F378B62A65473C00EE2A0A /* DiscoverUserView.swift */; };
		13F378B92A65479C00EE2A0A /* UserViewModel.swift in Sources */ = {isa = PBXBuildFile; fileRef = 13F378B82A65479C00EE2A0A /* UserViewModel.swift */; };
		13F378BB2A6547B500EE2A0A /* CarouselCustomBackground.swift in Sources */ = {isa = PBXBuildFile; fileRef = 13F378BA2A6547B500EE2A0A /* CarouselCustomBackground.swift */; };
		7539DE262A4994650015FA4F /* TrendyTravelApp.swift in Sources */ = {isa = PBXBuildFile; fileRef = 7539DE252A4994650015FA4F /* TrendyTravelApp.swift */; };
		7539DE2A2A4994670015FA4F /* Assets.xcassets in Resources */ = {isa = PBXBuildFile; fileRef = 7539DE292A4994670015FA4F /* Assets.xcassets */; };
		7539DE2D2A4994670015FA4F /* Preview Assets.xcassets in Resources */ = {isa = PBXBuildFile; fileRef = 7539DE2C2A4994670015FA4F /* Preview Assets.xcassets */; };
		7539DE372A4994670015FA4F /* TrendyTravelTests.swift in Sources */ = {isa = PBXBuildFile; fileRef = 7539DE362A4994670015FA4F /* TrendyTravelTests.swift */; };
		7539DE412A4994670015FA4F /* TrendyTravelUITests.swift in Sources */ = {isa = PBXBuildFile; fileRef = 7539DE402A4994670015FA4F /* TrendyTravelUITests.swift */; };
		7539DE432A4994670015FA4F /* TrendyTravelUITestsLaunchTests.swift in Sources */ = {isa = PBXBuildFile; fileRef = 7539DE422A4994670015FA4F /* TrendyTravelUITestsLaunchTests.swift */; };
		7539DE502A49948D0015FA4F /* DiscoverDestinationsView.swift in Sources */ = {isa = PBXBuildFile; fileRef = 7539DE4F2A49948D0015FA4F /* DiscoverDestinationsView.swift */; };
		7539DE522A4995CB0015FA4F /* Destination.swift in Sources */ = {isa = PBXBuildFile; fileRef = 7539DE512A4995CB0015FA4F /* Destination.swift */; };
		7539DE542A4995EA0015FA4F /* CategoriesView.swift in Sources */ = {isa = PBXBuildFile; fileRef = 7539DE532A4995EA0015FA4F /* CategoriesView.swift */; };
		7539DE562A4996F40015FA4F /* CategoriesIconsView.swift in Sources */ = {isa = PBXBuildFile; fileRef = 7539DE552A4996F40015FA4F /* CategoriesIconsView.swift */; };
		7539DE582A4997BD0015FA4F /* ActivitiesListView.swift in Sources */ = {isa = PBXBuildFile; fileRef = 7539DE572A4997BD0015FA4F /* ActivitiesListView.swift */; };
		7539DE5D2A4999A50015FA4F /* PopularDestinationsView.swift in Sources */ = {isa = PBXBuildFile; fileRef = 7539DE5C2A4999A50015FA4F /* PopularDestinationsView.swift */; };
		7539DE5F2A499BE60015FA4F /* CarouselHeaderView.swift in Sources */ = {isa = PBXBuildFile; fileRef = 7539DE5E2A499BE60015FA4F /* CarouselHeaderView.swift */; };
		7539DE7B2A49B4DC0015FA4F /* PopularActivitiesView.swift in Sources */ = {isa = PBXBuildFile; fileRef = 7539DE7A2A49B4DC0015FA4F /* PopularActivitiesView.swift */; };
		7539DE7F2A49B7EB0015FA4F /* TrendingCreatorsView.swift in Sources */ = {isa = PBXBuildFile; fileRef = 7539DE7E2A49B7EB0015FA4F /* TrendingCreatorsView.swift */; };
		7539DE812A49B84A0015FA4F /* User.swift in Sources */ = {isa = PBXBuildFile; fileRef = 7539DE802A49B84A0015FA4F /* User.swift */; };
		7539DE832A49BF4F0015FA4F /* UserDetailsView.swift in Sources */ = {isa = PBXBuildFile; fileRef = 7539DE822A49BF4F0015FA4F /* UserDetailsView.swift */; };
		758A0E802A4D64EB008E22FC /* Post.swift in Sources */ = {isa = PBXBuildFile; fileRef = 758A0E7F2A4D64EB008E22FC /* Post.swift */; };
		758A0E9E2A4DA6F6008E22FC /* ActivityDetailsView.swift in Sources */ = {isa = PBXBuildFile; fileRef = 758A0E9D2A4DA6F6008E22FC /* ActivityDetailsView.swift */; };
		7BF7BB5A2A6812FA00FA9D41 /* ActivityDetailRatingView.swift in Sources */ = {isa = PBXBuildFile; fileRef = 7BF7BB592A6812FA00FA9D41 /* ActivityDetailRatingView.swift */; };
		7BF7BB5C2A68199A00FA9D41 /* ActivityReviewViewModel.swift in Sources */ = {isa = PBXBuildFile; fileRef = 7BF7BB5B2A68199A00FA9D41 /* ActivityReviewViewModel.swift */; };
		7BF7BB5E2A68312D00FA9D41 /* CustomerReviewsCard.swift in Sources */ = {isa = PBXBuildFile; fileRef = 7BF7BB5D2A68312D00FA9D41 /* CustomerReviewsCard.swift */; };
		DC0549072A66E49F00AFFE3C /* Follower.swift in Sources */ = {isa = PBXBuildFile; fileRef = DC0549062A66E49F00AFFE3C /* Follower.swift */; };
		DC1CB5622A68253200528701 /* Like.swift in Sources */ = {isa = PBXBuildFile; fileRef = DC1CB5612A68253200528701 /* Like.swift */; };
		DCB10EB12A65BE80003D1AAD /* UsersListView.swift in Sources */ = {isa = PBXBuildFile; fileRef = DCB10EB02A65BE80003D1AAD /* UsersListView.swift */; };
		F4E23F512A680BD600F55624 /* LoginView.swift in Sources */ = {isa = PBXBuildFile; fileRef = F4E23F502A680BD600F55624 /* LoginView.swift */; };
		F4E23F542A680C1500F55624 /* RegisterView.swift in Sources */ = {isa = PBXBuildFile; fileRef = F4E23F532A680C1500F55624 /* RegisterView.swift */; };
		F4E23F572A680C4100F55624 /* AuthenticationView.swift in Sources */ = {isa = PBXBuildFile; fileRef = F4E23F562A680C4100F55624 /* AuthenticationView.swift */; };
		F4E23F5A2A680C6D00F55624 /* AuthenticationType.swift in Sources */ = {isa = PBXBuildFile; fileRef = F4E23F592A680C6D00F55624 /* AuthenticationType.swift */; };
		F4E23F5C2A680F6000F55624 /* AuthenticationButtonView.swift in Sources */ = {isa = PBXBuildFile; fileRef = F4E23F5B2A680F6000F55624 /* AuthenticationButtonView.swift */; };
		F4E23F5E2A68109900F55624 /* AuthenticationButtonStyling.swift in Sources */ = {isa = PBXBuildFile; fileRef = F4E23F5D2A68109900F55624 /* AuthenticationButtonStyling.swift */; };
		F4E23F612A68161F00F55624 /* AuthenticationViewModel.swift in Sources */ = {isa = PBXBuildFile; fileRef = F4E23F602A68161F00F55624 /* AuthenticationViewModel.swift */; };
		F4E23F642A68234D00F55624 /* DefaultNavigationLinkView.swift in Sources */ = {isa = PBXBuildFile; fileRef = F4E23F632A68234D00F55624 /* DefaultNavigationLinkView.swift */; };
		F4E23F672A6824E900F55624 /* AuthenticationType+Style.swift in Sources */ = {isa = PBXBuildFile; fileRef = F4E23F662A6824E900F55624 /* AuthenticationType+Style.swift */; };
/* End PBXBuildFile section */

/* Begin PBXContainerItemProxy section */
		7539DE332A4994670015FA4F /* PBXContainerItemProxy */ = {
			isa = PBXContainerItemProxy;
			containerPortal = 7539DE1A2A4994650015FA4F /* Project object */;
			proxyType = 1;
			remoteGlobalIDString = 7539DE212A4994650015FA4F;
			remoteInfo = TrendyTravel;
		};
		7539DE3D2A4994670015FA4F /* PBXContainerItemProxy */ = {
			isa = PBXContainerItemProxy;
			containerPortal = 7539DE1A2A4994650015FA4F /* Project object */;
			proxyType = 1;
			remoteGlobalIDString = 7539DE212A4994650015FA4F;
			remoteInfo = TrendyTravel;
		};
/* End PBXContainerItemProxy section */

/* Begin PBXFileReference section */
		10BE58DD2A66BA7200256261 /* AllDestinationsView.swift */ = {isa = PBXFileReference; lastKnownFileType = sourcecode.swift; path = AllDestinationsView.swift; sourceTree = "<group>"; };
		10FE8B482A680A4700705B9C /* SearchForDestinationView.swift */ = {isa = PBXFileReference; lastKnownFileType = sourcecode.swift; path = SearchForDestinationView.swift; sourceTree = "<group>"; };
		10FE8B4A2A682C1B00705B9C /* DestinationTileView.swift */ = {isa = PBXFileReference; lastKnownFileType = sourcecode.swift; path = DestinationTileView.swift; sourceTree = "<group>"; };
		13ED18D42A669C0B0005CFCE /* CategoryCardHeaderView.swift */ = {isa = PBXFileReference; lastKnownFileType = sourcecode.swift; path = CategoryCardHeaderView.swift; sourceTree = "<group>"; };
		13ED18D72A669C980005CFCE /* RoundedCornder.swift */ = {isa = PBXFileReference; lastKnownFileType = sourcecode.swift; path = RoundedCornder.swift; sourceTree = "<group>"; };
		13ED18D92A669D2D0005CFCE /* CategoryCardFooterView.swift */ = {isa = PBXFileReference; lastKnownFileType = sourcecode.swift; path = CategoryCardFooterView.swift; sourceTree = "<group>"; };
		13ED18DB2A66B0F60005CFCE /* Info.plist */ = {isa = PBXFileReference; lastKnownFileType = text.plist; path = Info.plist; sourceTree = "<group>"; };
		13F378912A65434700EE2A0A /* Category.swift */ = {isa = PBXFileReference; lastKnownFileType = sourcecode.swift; path = Category.swift; sourceTree = "<group>"; };
		13F378932A65435E00EE2A0A /* Restaurant.swift */ = {isa = PBXFileReference; lastKnownFileType = sourcecode.swift; path = Restaurant.swift; sourceTree = "<group>"; };
		13F378952A65437500EE2A0A /* Activity.swift */ = {isa = PBXFileReference; lastKnownFileType = sourcecode.swift; path = Activity.swift; sourceTree = "<group>"; };
		13F378982A6543B900EE2A0A /* ActivityViewModel.swift */ = {isa = PBXFileReference; lastKnownFileType = sourcecode.swift; path = ActivityViewModel.swift; sourceTree = "<group>"; };
		13F3789A2A6543F500EE2A0A /* CategoryDetailLoadingView.swift */ = {isa = PBXFileReference; lastKnownFileType = sourcecode.swift; path = CategoryDetailLoadingView.swift; sourceTree = "<group>"; };
		13F3789C2A65444500EE2A0A /* CategoryDetailErrorView.swift */ = {isa = PBXFileReference; lastKnownFileType = sourcecode.swift; path = CategoryDetailErrorView.swift; sourceTree = "<group>"; };
		13F3789E2A65445700EE2A0A /* CategoryDetailCardView.swift */ = {isa = PBXFileReference; lastKnownFileType = sourcecode.swift; path = CategoryDetailCardView.swift; sourceTree = "<group>"; };
		13F378A02A65452000EE2A0A /* PopularDestinationTile.swift */ = {isa = PBXFileReference; lastKnownFileType = sourcecode.swift; path = PopularDestinationTile.swift; sourceTree = "<group>"; };
		13F378A22A65455500EE2A0A /* DestinationViewModel.swift */ = {isa = PBXFileReference; lastKnownFileType = sourcecode.swift; path = DestinationViewModel.swift; sourceTree = "<group>"; };
		13F378A42A65458100EE2A0A /* DestinationDetailView.swift */ = {isa = PBXFileReference; lastKnownFileType = sourcecode.swift; path = DestinationDetailView.swift; sourceTree = "<group>"; };
		13F378A62A6545BB00EE2A0A /* Attraction.swift */ = {isa = PBXFileReference; lastKnownFileType = sourcecode.swift; path = Attraction.swift; sourceTree = "<group>"; };
		13F378A82A6545D500EE2A0A /* CustomMapAnnotation.swift */ = {isa = PBXFileReference; lastKnownFileType = sourcecode.swift; path = CustomMapAnnotation.swift; sourceTree = "<group>"; };
		13F378AA2A65462500EE2A0A /* ActivityTile.swift */ = {isa = PBXFileReference; lastKnownFileType = sourcecode.swift; path = ActivityTile.swift; sourceTree = "<group>"; };
		13F378AC2A65469400EE2A0A /* RestaurantDetail.swift */ = {isa = PBXFileReference; lastKnownFileType = sourcecode.swift; path = RestaurantDetail.swift; sourceTree = "<group>"; };
		13F378AE2A6546B900EE2A0A /* Review.swift */ = {isa = PBXFileReference; lastKnownFileType = sourcecode.swift; path = Review.swift; sourceTree = "<group>"; };
		13F378B22A6546E700EE2A0A /* ActivityDetailViewModel.swift */ = {isa = PBXFileReference; lastKnownFileType = sourcecode.swift; path = ActivityDetailViewModel.swift; sourceTree = "<group>"; };
		13F378B62A65473C00EE2A0A /* DiscoverUserView.swift */ = {isa = PBXFileReference; lastKnownFileType = sourcecode.swift; path = DiscoverUserView.swift; sourceTree = "<group>"; };
		13F378B82A65479C00EE2A0A /* UserViewModel.swift */ = {isa = PBXFileReference; lastKnownFileType = sourcecode.swift; path = UserViewModel.swift; sourceTree = "<group>"; };
		13F378BA2A6547B500EE2A0A /* CarouselCustomBackground.swift */ = {isa = PBXFileReference; lastKnownFileType = sourcecode.swift; path = CarouselCustomBackground.swift; sourceTree = "<group>"; };
		7539DE222A4994650015FA4F /* TrendyTravel.app */ = {isa = PBXFileReference; explicitFileType = wrapper.application; includeInIndex = 0; path = TrendyTravel.app; sourceTree = BUILT_PRODUCTS_DIR; };
		7539DE252A4994650015FA4F /* TrendyTravelApp.swift */ = {isa = PBXFileReference; lastKnownFileType = sourcecode.swift; path = TrendyTravelApp.swift; sourceTree = "<group>"; };
		7539DE292A4994670015FA4F /* Assets.xcassets */ = {isa = PBXFileReference; lastKnownFileType = folder.assetcatalog; path = Assets.xcassets; sourceTree = "<group>"; };
		7539DE2C2A4994670015FA4F /* Preview Assets.xcassets */ = {isa = PBXFileReference; lastKnownFileType = folder.assetcatalog; path = "Preview Assets.xcassets"; sourceTree = "<group>"; };
		7539DE322A4994670015FA4F /* TrendyTravelTests.xctest */ = {isa = PBXFileReference; explicitFileType = wrapper.cfbundle; includeInIndex = 0; path = TrendyTravelTests.xctest; sourceTree = BUILT_PRODUCTS_DIR; };
		7539DE362A4994670015FA4F /* TrendyTravelTests.swift */ = {isa = PBXFileReference; lastKnownFileType = sourcecode.swift; path = TrendyTravelTests.swift; sourceTree = "<group>"; };
		7539DE3C2A4994670015FA4F /* TrendyTravelUITests.xctest */ = {isa = PBXFileReference; explicitFileType = wrapper.cfbundle; includeInIndex = 0; path = TrendyTravelUITests.xctest; sourceTree = BUILT_PRODUCTS_DIR; };
		7539DE402A4994670015FA4F /* TrendyTravelUITests.swift */ = {isa = PBXFileReference; lastKnownFileType = sourcecode.swift; path = TrendyTravelUITests.swift; sourceTree = "<group>"; };
		7539DE422A4994670015FA4F /* TrendyTravelUITestsLaunchTests.swift */ = {isa = PBXFileReference; lastKnownFileType = sourcecode.swift; path = TrendyTravelUITestsLaunchTests.swift; sourceTree = "<group>"; };
		7539DE4F2A49948D0015FA4F /* DiscoverDestinationsView.swift */ = {isa = PBXFileReference; lastKnownFileType = sourcecode.swift; path = DiscoverDestinationsView.swift; sourceTree = "<group>"; };
		7539DE512A4995CB0015FA4F /* Destination.swift */ = {isa = PBXFileReference; lastKnownFileType = sourcecode.swift; path = Destination.swift; sourceTree = "<group>"; };
		7539DE532A4995EA0015FA4F /* CategoriesView.swift */ = {isa = PBXFileReference; lastKnownFileType = sourcecode.swift; path = CategoriesView.swift; sourceTree = "<group>"; };
		7539DE552A4996F40015FA4F /* CategoriesIconsView.swift */ = {isa = PBXFileReference; lastKnownFileType = sourcecode.swift; path = CategoriesIconsView.swift; sourceTree = "<group>"; };
		7539DE572A4997BD0015FA4F /* ActivitiesListView.swift */ = {isa = PBXFileReference; lastKnownFileType = sourcecode.swift; path = ActivitiesListView.swift; sourceTree = "<group>"; };
		7539DE5C2A4999A50015FA4F /* PopularDestinationsView.swift */ = {isa = PBXFileReference; lastKnownFileType = sourcecode.swift; path = PopularDestinationsView.swift; sourceTree = "<group>"; };
		7539DE5E2A499BE60015FA4F /* CarouselHeaderView.swift */ = {isa = PBXFileReference; lastKnownFileType = sourcecode.swift; path = CarouselHeaderView.swift; sourceTree = "<group>"; };
		7539DE7A2A49B4DC0015FA4F /* PopularActivitiesView.swift */ = {isa = PBXFileReference; lastKnownFileType = sourcecode.swift; path = PopularActivitiesView.swift; sourceTree = "<group>"; };
		7539DE7E2A49B7EB0015FA4F /* TrendingCreatorsView.swift */ = {isa = PBXFileReference; lastKnownFileType = sourcecode.swift; path = TrendingCreatorsView.swift; sourceTree = "<group>"; };
		7539DE802A49B84A0015FA4F /* User.swift */ = {isa = PBXFileReference; lastKnownFileType = sourcecode.swift; path = User.swift; sourceTree = "<group>"; };
		7539DE822A49BF4F0015FA4F /* UserDetailsView.swift */ = {isa = PBXFileReference; lastKnownFileType = sourcecode.swift; path = UserDetailsView.swift; sourceTree = "<group>"; };
		758A0E7F2A4D64EB008E22FC /* Post.swift */ = {isa = PBXFileReference; lastKnownFileType = sourcecode.swift; path = Post.swift; sourceTree = "<group>"; };
		758A0E9D2A4DA6F6008E22FC /* ActivityDetailsView.swift */ = {isa = PBXFileReference; lastKnownFileType = sourcecode.swift; path = ActivityDetailsView.swift; sourceTree = "<group>"; };
		7BF7BB592A6812FA00FA9D41 /* ActivityDetailRatingView.swift */ = {isa = PBXFileReference; lastKnownFileType = sourcecode.swift; path = ActivityDetailRatingView.swift; sourceTree = "<group>"; };
		7BF7BB5B2A68199A00FA9D41 /* ActivityReviewViewModel.swift */ = {isa = PBXFileReference; lastKnownFileType = sourcecode.swift; path = ActivityReviewViewModel.swift; sourceTree = "<group>"; };
		7BF7BB5D2A68312D00FA9D41 /* CustomerReviewsCard.swift */ = {isa = PBXFileReference; lastKnownFileType = sourcecode.swift; path = CustomerReviewsCard.swift; sourceTree = "<group>"; };
		DC0549062A66E49F00AFFE3C /* Follower.swift */ = {isa = PBXFileReference; lastKnownFileType = sourcecode.swift; path = Follower.swift; sourceTree = "<group>"; };
		DC1CB5612A68253200528701 /* Like.swift */ = {isa = PBXFileReference; lastKnownFileType = sourcecode.swift; path = Like.swift; sourceTree = "<group>"; };
		DCB10EB02A65BE80003D1AAD /* UsersListView.swift */ = {isa = PBXFileReference; lastKnownFileType = sourcecode.swift; path = UsersListView.swift; sourceTree = "<group>"; };
		F4E23F502A680BD600F55624 /* LoginView.swift */ = {isa = PBXFileReference; lastKnownFileType = sourcecode.swift; path = LoginView.swift; sourceTree = "<group>"; };
		F4E23F532A680C1500F55624 /* RegisterView.swift */ = {isa = PBXFileReference; lastKnownFileType = sourcecode.swift; path = RegisterView.swift; sourceTree = "<group>"; };
		F4E23F562A680C4100F55624 /* AuthenticationView.swift */ = {isa = PBXFileReference; lastKnownFileType = sourcecode.swift; path = AuthenticationView.swift; sourceTree = "<group>"; };
		F4E23F592A680C6D00F55624 /* AuthenticationType.swift */ = {isa = PBXFileReference; lastKnownFileType = sourcecode.swift; path = AuthenticationType.swift; sourceTree = "<group>"; };
		F4E23F5B2A680F6000F55624 /* AuthenticationButtonView.swift */ = {isa = PBXFileReference; lastKnownFileType = sourcecode.swift; path = AuthenticationButtonView.swift; sourceTree = "<group>"; };
		F4E23F5D2A68109900F55624 /* AuthenticationButtonStyling.swift */ = {isa = PBXFileReference; lastKnownFileType = sourcecode.swift; path = AuthenticationButtonStyling.swift; sourceTree = "<group>"; };
		F4E23F602A68161F00F55624 /* AuthenticationViewModel.swift */ = {isa = PBXFileReference; lastKnownFileType = sourcecode.swift; path = AuthenticationViewModel.swift; sourceTree = "<group>"; };
		F4E23F632A68234D00F55624 /* DefaultNavigationLinkView.swift */ = {isa = PBXFileReference; lastKnownFileType = sourcecode.swift; path = DefaultNavigationLinkView.swift; sourceTree = "<group>"; };
		F4E23F662A6824E900F55624 /* AuthenticationType+Style.swift */ = {isa = PBXFileReference; lastKnownFileType = sourcecode.swift; path = "AuthenticationType+Style.swift"; sourceTree = "<group>"; };
/* End PBXFileReference section */

/* Begin PBXFrameworksBuildPhase section */
		7539DE1F2A4994650015FA4F /* Frameworks */ = {
			isa = PBXFrameworksBuildPhase;
			buildActionMask = 2147483647;
			files = (
				1082DBE32A667D4E006870CE /* NetworkManager in Frameworks */,
			);
			runOnlyForDeploymentPostprocessing = 0;
		};
		7539DE2F2A4994670015FA4F /* Frameworks */ = {
			isa = PBXFrameworksBuildPhase;
			buildActionMask = 2147483647;
			files = (
			);
			runOnlyForDeploymentPostprocessing = 0;
		};
		7539DE392A4994670015FA4F /* Frameworks */ = {
			isa = PBXFrameworksBuildPhase;
			buildActionMask = 2147483647;
			files = (
			);
			runOnlyForDeploymentPostprocessing = 0;
		};
/* End PBXFrameworksBuildPhase section */

/* Begin PBXGroup section */
		13ED18D62A669C850005CFCE /* Shared */ = {
			isa = PBXGroup;
			children = (
				13ED18D72A669C980005CFCE /* RoundedCornder.swift */,
			);
			path = Shared;
			sourceTree = "<group>";
		};
		13F378972A65439F00EE2A0A /* ViewModel */ = {
			isa = PBXGroup;
			children = (
				13F378982A6543B900EE2A0A /* ActivityViewModel.swift */,
				13F378A22A65455500EE2A0A /* DestinationViewModel.swift */,
				13F378B22A6546E700EE2A0A /* ActivityDetailViewModel.swift */,
				13F378B82A65479C00EE2A0A /* UserViewModel.swift */,
				7BF7BB5B2A68199A00FA9D41 /* ActivityReviewViewModel.swift */,
			);
			path = ViewModel;
			sourceTree = "<group>";
		};
		13F378BC2A655FFD00EE2A0A /* Destination */ = {
			isa = PBXGroup;
			children = (
				10FE8B482A680A4700705B9C /* SearchForDestinationView.swift */,
				10FE8B4A2A682C1B00705B9C /* DestinationTileView.swift */,
				7539DE5C2A4999A50015FA4F /* PopularDestinationsView.swift */,
				10BE58DD2A66BA7200256261 /* AllDestinationsView.swift */,
				13F378A42A65458100EE2A0A /* DestinationDetailView.swift */,
				13F378C22A65651800EE2A0A /* Component */,
			);
			path = Destination;
			sourceTree = "<group>";
		};
		13F378BE2A6561B600EE2A0A /* Category */ = {
			isa = PBXGroup;
			children = (
				7539DE532A4995EA0015FA4F /* CategoriesView.swift */,
				13F3789C2A65444500EE2A0A /* CategoryDetailErrorView.swift */,
				7539DE572A4997BD0015FA4F /* ActivitiesListView.swift */,
				13F378C12A6564B200EE2A0A /* Component */,
			);
			path = Category;
			sourceTree = "<group>";
		};
		13F378BF2A65629600EE2A0A /* Activity */ = {
			isa = PBXGroup;
			children = (
				758A0E9D2A4DA6F6008E22FC /* ActivityDetailsView.swift */,
				13F378AA2A65462500EE2A0A /* ActivityTile.swift */,
				7539DE7A2A49B4DC0015FA4F /* PopularActivitiesView.swift */,
				7BF7BB582A6812BD00FA9D41 /* Component */,
			);
			path = Activity;
			sourceTree = "<group>";
		};
		13F378C02A6563F300EE2A0A /* User */ = {
			isa = PBXGroup;
			children = (
				DCB10EB02A65BE80003D1AAD /* UsersListView.swift */,
				7539DE7E2A49B7EB0015FA4F /* TrendingCreatorsView.swift */,
				7539DE822A49BF4F0015FA4F /* UserDetailsView.swift */,
				13F378C32A65655200EE2A0A /* Component */,
			);
			path = User;
			sourceTree = "<group>";
		};
		13F378C12A6564B200EE2A0A /* Component */ = {
			isa = PBXGroup;
			children = (
				13F3789A2A6543F500EE2A0A /* CategoryDetailLoadingView.swift */,
				13F3789E2A65445700EE2A0A /* CategoryDetailCardView.swift */,
				7539DE552A4996F40015FA4F /* CategoriesIconsView.swift */,
				13ED18D42A669C0B0005CFCE /* CategoryCardHeaderView.swift */,
				13ED18D92A669D2D0005CFCE /* CategoryCardFooterView.swift */,
			);
			path = Component;
			sourceTree = "<group>";
		};
		13F378C22A65651800EE2A0A /* Component */ = {
			isa = PBXGroup;
			children = (
				13F378A82A6545D500EE2A0A /* CustomMapAnnotation.swift */,
				13F378A02A65452000EE2A0A /* PopularDestinationTile.swift */,
				7539DE5E2A499BE60015FA4F /* CarouselHeaderView.swift */,
				13F378BA2A6547B500EE2A0A /* CarouselCustomBackground.swift */,
			);
			path = Component;
			sourceTree = "<group>";
		};
		13F378C32A65655200EE2A0A /* Component */ = {
			isa = PBXGroup;
			children = (
				13F378B62A65473C00EE2A0A /* DiscoverUserView.swift */,
			);
			path = Component;
			sourceTree = "<group>";
		};
		7539DE192A4994650015FA4F = {
			isa = PBXGroup;
			children = (
				7539DE242A4994650015FA4F /* TrendyTravel */,
				7539DE352A4994670015FA4F /* TrendyTravelTests */,
				7539DE3F2A4994670015FA4F /* TrendyTravelUITests */,
				7539DE232A4994650015FA4F /* Products */,
			);
			sourceTree = "<group>";
		};
		7539DE232A4994650015FA4F /* Products */ = {
			isa = PBXGroup;
			children = (
				7539DE222A4994650015FA4F /* TrendyTravel.app */,
				7539DE322A4994670015FA4F /* TrendyTravelTests.xctest */,
				7539DE3C2A4994670015FA4F /* TrendyTravelUITests.xctest */,
			);
			name = Products;
			sourceTree = "<group>";
		};
		7539DE242A4994650015FA4F /* TrendyTravel */ = {
			isa = PBXGroup;
			children = (
				13ED18DB2A66B0F60005CFCE /* Info.plist */,
				13F378972A65439F00EE2A0A /* ViewModel */,
				7539DE592A49980D0015FA4F /* Models */,
				7539DE5A2A49993A0015FA4F /* Views */,
				7539DE292A4994670015FA4F /* Assets.xcassets */,
				7539DE252A4994650015FA4F /* TrendyTravelApp.swift */,
				7539DE2B2A4994670015FA4F /* Preview Content */,
			);
			path = TrendyTravel;
			sourceTree = "<group>";
		};
		7539DE2B2A4994670015FA4F /* Preview Content */ = {
			isa = PBXGroup;
			children = (
				7539DE2C2A4994670015FA4F /* Preview Assets.xcassets */,
			);
			path = "Preview Content";
			sourceTree = "<group>";
		};
		7539DE352A4994670015FA4F /* TrendyTravelTests */ = {
			isa = PBXGroup;
			children = (
				7539DE362A4994670015FA4F /* TrendyTravelTests.swift */,
			);
			path = TrendyTravelTests;
			sourceTree = "<group>";
		};
		7539DE3F2A4994670015FA4F /* TrendyTravelUITests */ = {
			isa = PBXGroup;
			children = (
				7539DE402A4994670015FA4F /* TrendyTravelUITests.swift */,
				7539DE422A4994670015FA4F /* TrendyTravelUITestsLaunchTests.swift */,
			);
			path = TrendyTravelUITests;
			sourceTree = "<group>";
		};
		7539DE592A49980D0015FA4F /* Models */ = {
			isa = PBXGroup;
			children = (
				13F378AE2A6546B900EE2A0A /* Review.swift */,
				7539DE512A4995CB0015FA4F /* Destination.swift */,
				13F378932A65435E00EE2A0A /* Restaurant.swift */,
				13F378912A65434700EE2A0A /* Category.swift */,
				7539DE802A49B84A0015FA4F /* User.swift */,
				758A0E7F2A4D64EB008E22FC /* Post.swift */,
				13F378952A65437500EE2A0A /* Activity.swift */,
				13F378AC2A65469400EE2A0A /* RestaurantDetail.swift */,
				13F378A62A6545BB00EE2A0A /* Attraction.swift */,
				DC0549062A66E49F00AFFE3C /* Follower.swift */,
				DC1CB5612A68253200528701 /* Like.swift */,
			);
			path = Models;
			sourceTree = "<group>";
		};
		7539DE5A2A49993A0015FA4F /* Views */ = {
			isa = PBXGroup;
			children = (
				7539DE4F2A49948D0015FA4F /* DiscoverDestinationsView.swift */,
				F4E23F4F2A68088400F55624 /* Authentication */,
				13F378BC2A655FFD00EE2A0A /* Destination */,
				13F378BE2A6561B600EE2A0A /* Category */,
				13F378BF2A65629600EE2A0A /* Activity */,
				13F378C02A6563F300EE2A0A /* User */,
				13ED18D62A669C850005CFCE /* Shared */,
			);
			path = Views;
			sourceTree = "<group>";
		};
		F4E23F4F2A68088400F55624 /* Authentication */ = {
			isa = PBXGroup;
			children = (
				F4E23F652A6824D300F55624 /* Extension */,
				F4E23F5F2A68160E00F55624 /* ViewModel */,
				F4E23F582A680C6300F55624 /* Model */,
				F4E23F552A680C3200F55624 /* Main */,
				F4E23F522A680BD800F55624 /* Component */,
				F4E23F502A680BD600F55624 /* LoginView.swift */,
				F4E23F532A680C1500F55624 /* RegisterView.swift */,
			);
			path = Authentication;
			sourceTree = "<group>";
		};
		F4E23F522A680BD800F55624 /* Component */ = {
			isa = PBXGroup;
			children = (
				F4E23F5B2A680F6000F55624 /* AuthenticationButtonView.swift */,
				F4E23F5D2A68109900F55624 /* AuthenticationButtonStyling.swift */,
				F4E23F632A68234D00F55624 /* DefaultNavigationLinkView.swift */,
			);
			path = Component;
			sourceTree = "<group>";
		};
		F4E23F552A680C3200F55624 /* Main */ = {
			isa = PBXGroup;
			children = (
				F4E23F562A680C4100F55624 /* AuthenticationView.swift */,
			);
			path = Main;
			sourceTree = "<group>";
		};
		F4E23F582A680C6300F55624 /* Model */ = {
			isa = PBXGroup;
			children = (
				F4E23F592A680C6D00F55624 /* AuthenticationType.swift */,
			);
			path = Model;
			sourceTree = "<group>";
		};
		F4E23F5F2A68160E00F55624 /* ViewModel */ = {
			isa = PBXGroup;
			children = (
				F4E23F602A68161F00F55624 /* AuthenticationViewModel.swift */,
			);
			path = ViewModel;
			sourceTree = "<group>";
		};
		F4E23F652A6824D300F55624 /* Extension */ = {
			isa = PBXGroup;
			children = (
				F4E23F662A6824E900F55624 /* AuthenticationType+Style.swift */,
			);
			path = Extension;
			sourceTree = "<group>";
		};
		7BF7BB582A6812BD00FA9D41 /* Component */ = {
			isa = PBXGroup;
			children = (
				7BF7BB5D2A68312D00FA9D41 /* CustomerReviewsCard.swift */,
				7BF7BB592A6812FA00FA9D41 /* ActivityDetailRatingView.swift */,
			);
			path = Component;
			sourceTree = "<group>";
		};
/* End PBXGroup section */

/* Begin PBXNativeTarget section */
		7539DE212A4994650015FA4F /* TrendyTravel */ = {
			isa = PBXNativeTarget;
			buildConfigurationList = 7539DE462A4994670015FA4F /* Build configuration list for PBXNativeTarget "TrendyTravel" */;
			buildPhases = (
				7539DE1E2A4994650015FA4F /* Sources */,
				7539DE1F2A4994650015FA4F /* Frameworks */,
				7539DE202A4994650015FA4F /* Resources */,
			);
			buildRules = (
			);
			dependencies = (
			);
			name = TrendyTravel;
			packageProductDependencies = (
				1082DBE22A667D4E006870CE /* NetworkManager */,
			);
			productName = TrendyTravel;
			productReference = 7539DE222A4994650015FA4F /* TrendyTravel.app */;
			productType = "com.apple.product-type.application";
		};
		7539DE312A4994670015FA4F /* TrendyTravelTests */ = {
			isa = PBXNativeTarget;
			buildConfigurationList = 7539DE492A4994670015FA4F /* Build configuration list for PBXNativeTarget "TrendyTravelTests" */;
			buildPhases = (
				7539DE2E2A4994670015FA4F /* Sources */,
				7539DE2F2A4994670015FA4F /* Frameworks */,
				7539DE302A4994670015FA4F /* Resources */,
			);
			buildRules = (
			);
			dependencies = (
				7539DE342A4994670015FA4F /* PBXTargetDependency */,
			);
			name = TrendyTravelTests;
			productName = TrendyTravelTests;
			productReference = 7539DE322A4994670015FA4F /* TrendyTravelTests.xctest */;
			productType = "com.apple.product-type.bundle.unit-test";
		};
		7539DE3B2A4994670015FA4F /* TrendyTravelUITests */ = {
			isa = PBXNativeTarget;
			buildConfigurationList = 7539DE4C2A4994670015FA4F /* Build configuration list for PBXNativeTarget "TrendyTravelUITests" */;
			buildPhases = (
				7539DE382A4994670015FA4F /* Sources */,
				7539DE392A4994670015FA4F /* Frameworks */,
				7539DE3A2A4994670015FA4F /* Resources */,
			);
			buildRules = (
			);
			dependencies = (
				7539DE3E2A4994670015FA4F /* PBXTargetDependency */,
			);
			name = TrendyTravelUITests;
			productName = TrendyTravelUITests;
			productReference = 7539DE3C2A4994670015FA4F /* TrendyTravelUITests.xctest */;
			productType = "com.apple.product-type.bundle.ui-testing";
		};
/* End PBXNativeTarget section */

/* Begin PBXProject section */
		7539DE1A2A4994650015FA4F /* Project object */ = {
			isa = PBXProject;
			attributes = {
				BuildIndependentTargetsInParallel = 1;
				LastSwiftUpdateCheck = 1430;
				LastUpgradeCheck = 1430;
				TargetAttributes = {
					7539DE212A4994650015FA4F = {
						CreatedOnToolsVersion = 14.3.1;
					};
					7539DE312A4994670015FA4F = {
						CreatedOnToolsVersion = 14.3.1;
						TestTargetID = 7539DE212A4994650015FA4F;
					};
					7539DE3B2A4994670015FA4F = {
						CreatedOnToolsVersion = 14.3.1;
						TestTargetID = 7539DE212A4994650015FA4F;
					};
				};
			};
			buildConfigurationList = 7539DE1D2A4994650015FA4F /* Build configuration list for PBXProject "TrendyTravel" */;
			compatibilityVersion = "Xcode 14.0";
			developmentRegion = en;
			hasScannedForEncodings = 0;
			knownRegions = (
				en,
				Base,
			);
			mainGroup = 7539DE192A4994650015FA4F;
			packageReferences = (
				1082DBE12A667D4E006870CE /* XCRemoteSwiftPackageReference "NetworkManager" */,
			);
			productRefGroup = 7539DE232A4994650015FA4F /* Products */;
			projectDirPath = "";
			projectRoot = "";
			targets = (
				7539DE212A4994650015FA4F /* TrendyTravel */,
				7539DE312A4994670015FA4F /* TrendyTravelTests */,
				7539DE3B2A4994670015FA4F /* TrendyTravelUITests */,
			);
		};
/* End PBXProject section */

/* Begin PBXResourcesBuildPhase section */
		7539DE202A4994650015FA4F /* Resources */ = {
			isa = PBXResourcesBuildPhase;
			buildActionMask = 2147483647;
			files = (
				7539DE2D2A4994670015FA4F /* Preview Assets.xcassets in Resources */,
				7539DE2A2A4994670015FA4F /* Assets.xcassets in Resources */,
			);
			runOnlyForDeploymentPostprocessing = 0;
		};
		7539DE302A4994670015FA4F /* Resources */ = {
			isa = PBXResourcesBuildPhase;
			buildActionMask = 2147483647;
			files = (
			);
			runOnlyForDeploymentPostprocessing = 0;
		};
		7539DE3A2A4994670015FA4F /* Resources */ = {
			isa = PBXResourcesBuildPhase;
			buildActionMask = 2147483647;
			files = (
			);
			runOnlyForDeploymentPostprocessing = 0;
		};
/* End PBXResourcesBuildPhase section */

/* Begin PBXSourcesBuildPhase section */
		7539DE1E2A4994650015FA4F /* Sources */ = {
			isa = PBXSourcesBuildPhase;
			buildActionMask = 2147483647;
			files = (
				13F378B32A6546E700EE2A0A /* ActivityDetailViewModel.swift in Sources */,
				10FE8B492A680A4700705B9C /* SearchForDestinationView.swift in Sources */,
				13F378A32A65455500EE2A0A /* DestinationViewModel.swift in Sources */,
				F4E23F5E2A68109900F55624 /* AuthenticationButtonStyling.swift in Sources */,
				13F378962A65437500EE2A0A /* Activity.swift in Sources */,
				F4E23F542A680C1500F55624 /* RegisterView.swift in Sources */,
				13F378A72A6545BB00EE2A0A /* Attraction.swift in Sources */,
				7539DE5F2A499BE60015FA4F /* CarouselHeaderView.swift in Sources */,
				13F3789D2A65444500EE2A0A /* CategoryDetailErrorView.swift in Sources */,
				7539DE562A4996F40015FA4F /* CategoriesIconsView.swift in Sources */,
				758A0E9E2A4DA6F6008E22FC /* ActivityDetailsView.swift in Sources */,
				7539DE542A4995EA0015FA4F /* CategoriesView.swift in Sources */,
				10BE58DE2A66BA7200256261 /* AllDestinationsView.swift in Sources */,
				13ED18D82A669C980005CFCE /* RoundedCornder.swift in Sources */,
				13F378942A65435E00EE2A0A /* Restaurant.swift in Sources */,
				13F378A52A65458100EE2A0A /* DestinationDetailView.swift in Sources */,
				7BF7BB5C2A68199A00FA9D41 /* ActivityReviewViewModel.swift in Sources */,
				13F378A52A65458100EE2A0A /* PopularDestinationsDetailsView.swift in Sources */,
				7539DE7F2A49B7EB0015FA4F /* TrendingCreatorsView.swift in Sources */,
				7539DE832A49BF4F0015FA4F /* UserDetailsView.swift in Sources */,
				758A0E802A4D64EB008E22FC /* Post.swift in Sources */,
				7539DE812A49B84A0015FA4F /* User.swift in Sources */,
				7539DE5D2A4999A50015FA4F /* PopularDestinationsView.swift in Sources */,
				F4E23F672A6824E900F55624 /* AuthenticationType+Style.swift in Sources */,
				13F378A12A65452000EE2A0A /* PopularDestinationTile.swift in Sources */,
				13ED18DA2A669D2D0005CFCE /* CategoryCardFooterView.swift in Sources */,
				13F378992A6543BA00EE2A0A /* ActivityViewModel.swift in Sources */,
				13F3789F2A65445700EE2A0A /* CategoryDetailCardView.swift in Sources */,
				DC0549072A66E49F00AFFE3C /* Follower.swift in Sources */,
				F4E23F612A68161F00F55624 /* AuthenticationViewModel.swift in Sources */,
				13F378B72A65473C00EE2A0A /* DiscoverUserView.swift in Sources */,
				13ED18D52A669C0B0005CFCE /* CategoryCardHeaderView.swift in Sources */,
				7539DE7B2A49B4DC0015FA4F /* PopularActivitiesView.swift in Sources */,
				7539DE502A49948D0015FA4F /* DiscoverDestinationsView.swift in Sources */,
				13F3789B2A6543F500EE2A0A /* CategoryDetailLoadingView.swift in Sources */,
				13F378BB2A6547B500EE2A0A /* CarouselCustomBackground.swift in Sources */,
				13F378922A65434700EE2A0A /* Category.swift in Sources */,
				13F378AB2A65462500EE2A0A /* ActivityTile.swift in Sources */,
				13F378B52A65470A00EE2A0A /* ActivityReviewList.swift in Sources */,
				F4E23F572A680C4100F55624 /* AuthenticationView.swift in Sources */,
				DCB10EB12A65BE80003D1AAD /* UsersListView.swift in Sources */,
				13F378AF2A6546B900EE2A0A /* Review.swift in Sources */,
				7BF7BB5A2A6812FA00FA9D41 /* ActivityDetailRatingView.swift in Sources */,
				7BF7BB5E2A68312D00FA9D41 /* CustomerReviewsCard.swift in Sources */,
				7539DE522A4995CB0015FA4F /* Destination.swift in Sources */,
				DC1CB5622A68253200528701 /* Like.swift in Sources */,
				7539DE582A4997BD0015FA4F /* ActivitiesListView.swift in Sources */,
				F4E23F642A68234D00F55624 /* DefaultNavigationLinkView.swift in Sources */,
				13F378AD2A65469400EE2A0A /* RestaurantDetail.swift in Sources */,
				13F378B92A65479C00EE2A0A /* UserViewModel.swift in Sources */,
				13F378A92A6545D500EE2A0A /* CustomMapAnnotation.swift in Sources */,
				F4E23F512A680BD600F55624 /* LoginView.swift in Sources */,
				7539DE262A4994650015FA4F /* TrendyTravelApp.swift in Sources */,
				10FE8B4B2A682C1B00705B9C /* DestinationTileView.swift in Sources */,
				F4E23F5A2A680C6D00F55624 /* AuthenticationType.swift in Sources */,
				F4E23F5C2A680F6000F55624 /* AuthenticationButtonView.swift in Sources */,
			);
			runOnlyForDeploymentPostprocessing = 0;
		};
		7539DE2E2A4994670015FA4F /* Sources */ = {
			isa = PBXSourcesBuildPhase;
			buildActionMask = 2147483647;
			files = (
				7539DE372A4994670015FA4F /* TrendyTravelTests.swift in Sources */,
			);
			runOnlyForDeploymentPostprocessing = 0;
		};
		7539DE382A4994670015FA4F /* Sources */ = {
			isa = PBXSourcesBuildPhase;
			buildActionMask = 2147483647;
			files = (
				7539DE432A4994670015FA4F /* TrendyTravelUITestsLaunchTests.swift in Sources */,
				7539DE412A4994670015FA4F /* TrendyTravelUITests.swift in Sources */,
			);
			runOnlyForDeploymentPostprocessing = 0;
		};
/* End PBXSourcesBuildPhase section */

/* Begin PBXTargetDependency section */
		7539DE342A4994670015FA4F /* PBXTargetDependency */ = {
			isa = PBXTargetDependency;
			target = 7539DE212A4994650015FA4F /* TrendyTravel */;
			targetProxy = 7539DE332A4994670015FA4F /* PBXContainerItemProxy */;
		};
		7539DE3E2A4994670015FA4F /* PBXTargetDependency */ = {
			isa = PBXTargetDependency;
			target = 7539DE212A4994650015FA4F /* TrendyTravel */;
			targetProxy = 7539DE3D2A4994670015FA4F /* PBXContainerItemProxy */;
		};
/* End PBXTargetDependency section */

/* Begin XCBuildConfiguration section */
		7539DE442A4994670015FA4F /* Debug */ = {
			isa = XCBuildConfiguration;
			buildSettings = {
				ALWAYS_SEARCH_USER_PATHS = NO;
				CLANG_ANALYZER_NONNULL = YES;
				CLANG_ANALYZER_NUMBER_OBJECT_CONVERSION = YES_AGGRESSIVE;
				CLANG_CXX_LANGUAGE_STANDARD = "gnu++20";
				CLANG_ENABLE_MODULES = YES;
				CLANG_ENABLE_OBJC_ARC = YES;
				CLANG_ENABLE_OBJC_WEAK = YES;
				CLANG_WARN_BLOCK_CAPTURE_AUTORELEASING = YES;
				CLANG_WARN_BOOL_CONVERSION = YES;
				CLANG_WARN_COMMA = YES;
				CLANG_WARN_CONSTANT_CONVERSION = YES;
				CLANG_WARN_DEPRECATED_OBJC_IMPLEMENTATIONS = YES;
				CLANG_WARN_DIRECT_OBJC_ISA_USAGE = YES_ERROR;
				CLANG_WARN_DOCUMENTATION_COMMENTS = YES;
				CLANG_WARN_EMPTY_BODY = YES;
				CLANG_WARN_ENUM_CONVERSION = YES;
				CLANG_WARN_INFINITE_RECURSION = YES;
				CLANG_WARN_INT_CONVERSION = YES;
				CLANG_WARN_NON_LITERAL_NULL_CONVERSION = YES;
				CLANG_WARN_OBJC_IMPLICIT_RETAIN_SELF = YES;
				CLANG_WARN_OBJC_LITERAL_CONVERSION = YES;
				CLANG_WARN_OBJC_ROOT_CLASS = YES_ERROR;
				CLANG_WARN_QUOTED_INCLUDE_IN_FRAMEWORK_HEADER = YES;
				CLANG_WARN_RANGE_LOOP_ANALYSIS = YES;
				CLANG_WARN_STRICT_PROTOTYPES = YES;
				CLANG_WARN_SUSPICIOUS_MOVE = YES;
				CLANG_WARN_UNGUARDED_AVAILABILITY = YES_AGGRESSIVE;
				CLANG_WARN_UNREACHABLE_CODE = YES;
				CLANG_WARN__DUPLICATE_METHOD_MATCH = YES;
				COPY_PHASE_STRIP = NO;
				DEBUG_INFORMATION_FORMAT = dwarf;
				ENABLE_STRICT_OBJC_MSGSEND = YES;
				ENABLE_TESTABILITY = YES;
				GCC_C_LANGUAGE_STANDARD = gnu11;
				GCC_DYNAMIC_NO_PIC = NO;
				GCC_NO_COMMON_BLOCKS = YES;
				GCC_OPTIMIZATION_LEVEL = 0;
				GCC_PREPROCESSOR_DEFINITIONS = (
					"DEBUG=1",
					"$(inherited)",
				);
				GCC_WARN_64_TO_32_BIT_CONVERSION = YES;
				GCC_WARN_ABOUT_RETURN_TYPE = YES_ERROR;
				GCC_WARN_UNDECLARED_SELECTOR = YES;
				GCC_WARN_UNINITIALIZED_AUTOS = YES_AGGRESSIVE;
				GCC_WARN_UNUSED_FUNCTION = YES;
				GCC_WARN_UNUSED_VARIABLE = YES;
				IPHONEOS_DEPLOYMENT_TARGET = 16.4;
				MTL_ENABLE_DEBUG_INFO = INCLUDE_SOURCE;
				MTL_FAST_MATH = YES;
				ONLY_ACTIVE_ARCH = YES;
				SDKROOT = iphoneos;
				SWIFT_ACTIVE_COMPILATION_CONDITIONS = DEBUG;
				SWIFT_OPTIMIZATION_LEVEL = "-Onone";
			};
			name = Debug;
		};
		7539DE452A4994670015FA4F /* Release */ = {
			isa = XCBuildConfiguration;
			buildSettings = {
				ALWAYS_SEARCH_USER_PATHS = NO;
				CLANG_ANALYZER_NONNULL = YES;
				CLANG_ANALYZER_NUMBER_OBJECT_CONVERSION = YES_AGGRESSIVE;
				CLANG_CXX_LANGUAGE_STANDARD = "gnu++20";
				CLANG_ENABLE_MODULES = YES;
				CLANG_ENABLE_OBJC_ARC = YES;
				CLANG_ENABLE_OBJC_WEAK = YES;
				CLANG_WARN_BLOCK_CAPTURE_AUTORELEASING = YES;
				CLANG_WARN_BOOL_CONVERSION = YES;
				CLANG_WARN_COMMA = YES;
				CLANG_WARN_CONSTANT_CONVERSION = YES;
				CLANG_WARN_DEPRECATED_OBJC_IMPLEMENTATIONS = YES;
				CLANG_WARN_DIRECT_OBJC_ISA_USAGE = YES_ERROR;
				CLANG_WARN_DOCUMENTATION_COMMENTS = YES;
				CLANG_WARN_EMPTY_BODY = YES;
				CLANG_WARN_ENUM_CONVERSION = YES;
				CLANG_WARN_INFINITE_RECURSION = YES;
				CLANG_WARN_INT_CONVERSION = YES;
				CLANG_WARN_NON_LITERAL_NULL_CONVERSION = YES;
				CLANG_WARN_OBJC_IMPLICIT_RETAIN_SELF = YES;
				CLANG_WARN_OBJC_LITERAL_CONVERSION = YES;
				CLANG_WARN_OBJC_ROOT_CLASS = YES_ERROR;
				CLANG_WARN_QUOTED_INCLUDE_IN_FRAMEWORK_HEADER = YES;
				CLANG_WARN_RANGE_LOOP_ANALYSIS = YES;
				CLANG_WARN_STRICT_PROTOTYPES = YES;
				CLANG_WARN_SUSPICIOUS_MOVE = YES;
				CLANG_WARN_UNGUARDED_AVAILABILITY = YES_AGGRESSIVE;
				CLANG_WARN_UNREACHABLE_CODE = YES;
				CLANG_WARN__DUPLICATE_METHOD_MATCH = YES;
				COPY_PHASE_STRIP = NO;
				DEBUG_INFORMATION_FORMAT = "dwarf-with-dsym";
				ENABLE_NS_ASSERTIONS = NO;
				ENABLE_STRICT_OBJC_MSGSEND = YES;
				GCC_C_LANGUAGE_STANDARD = gnu11;
				GCC_NO_COMMON_BLOCKS = YES;
				GCC_WARN_64_TO_32_BIT_CONVERSION = YES;
				GCC_WARN_ABOUT_RETURN_TYPE = YES_ERROR;
				GCC_WARN_UNDECLARED_SELECTOR = YES;
				GCC_WARN_UNINITIALIZED_AUTOS = YES_AGGRESSIVE;
				GCC_WARN_UNUSED_FUNCTION = YES;
				GCC_WARN_UNUSED_VARIABLE = YES;
				IPHONEOS_DEPLOYMENT_TARGET = 16.4;
				MTL_ENABLE_DEBUG_INFO = NO;
				MTL_FAST_MATH = YES;
				SDKROOT = iphoneos;
				SWIFT_COMPILATION_MODE = wholemodule;
				SWIFT_OPTIMIZATION_LEVEL = "-O";
				VALIDATE_PRODUCT = YES;
			};
			name = Release;
		};
		7539DE472A4994670015FA4F /* Debug */ = {
			isa = XCBuildConfiguration;
			buildSettings = {
				ASSETCATALOG_COMPILER_APPICON_NAME = AppIcon;
				ASSETCATALOG_COMPILER_GLOBAL_ACCENT_COLOR_NAME = AccentColor;
				CODE_SIGN_STYLE = Automatic;
				CURRENT_PROJECT_VERSION = 1;
				DEVELOPMENT_ASSET_PATHS = "\"TrendyTravel/Preview Content\"";
				DEVELOPMENT_TEAM = FLBCXB8HYK;
				ENABLE_PREVIEWS = YES;
				GENERATE_INFOPLIST_FILE = YES;
				INFOPLIST_FILE = TrendyTravel/Info.plist;
				INFOPLIST_KEY_UIApplicationSceneManifest_Generation = YES;
				INFOPLIST_KEY_UIApplicationSupportsIndirectInputEvents = YES;
				INFOPLIST_KEY_UILaunchScreen_Generation = YES;
				INFOPLIST_KEY_UISupportedInterfaceOrientations_iPad = "UIInterfaceOrientationPortrait UIInterfaceOrientationPortraitUpsideDown UIInterfaceOrientationLandscapeLeft UIInterfaceOrientationLandscapeRight";
				INFOPLIST_KEY_UISupportedInterfaceOrientations_iPhone = "UIInterfaceOrientationPortrait UIInterfaceOrientationLandscapeLeft UIInterfaceOrientationLandscapeRight";
				LD_RUNPATH_SEARCH_PATHS = (
					"$(inherited)",
					"@executable_path/Frameworks",
				);
				MARKETING_VERSION = 1.0;
				PRODUCT_BUNDLE_IDENTIFIER = com.julieclz.TrendyTravel;
				PRODUCT_NAME = "$(TARGET_NAME)";
				SWIFT_EMIT_LOC_STRINGS = YES;
				SWIFT_VERSION = 5.0;
				TARGETED_DEVICE_FAMILY = "1,2";
			};
			name = Debug;
		};
		7539DE482A4994670015FA4F /* Release */ = {
			isa = XCBuildConfiguration;
			buildSettings = {
				ASSETCATALOG_COMPILER_APPICON_NAME = AppIcon;
				ASSETCATALOG_COMPILER_GLOBAL_ACCENT_COLOR_NAME = AccentColor;
				CODE_SIGN_STYLE = Automatic;
				CURRENT_PROJECT_VERSION = 1;
				DEVELOPMENT_ASSET_PATHS = "\"TrendyTravel/Preview Content\"";
				DEVELOPMENT_TEAM = FLBCXB8HYK;
				ENABLE_PREVIEWS = YES;
				GENERATE_INFOPLIST_FILE = YES;
				INFOPLIST_FILE = TrendyTravel/Info.plist;
				INFOPLIST_KEY_UIApplicationSceneManifest_Generation = YES;
				INFOPLIST_KEY_UIApplicationSupportsIndirectInputEvents = YES;
				INFOPLIST_KEY_UILaunchScreen_Generation = YES;
				INFOPLIST_KEY_UISupportedInterfaceOrientations_iPad = "UIInterfaceOrientationPortrait UIInterfaceOrientationPortraitUpsideDown UIInterfaceOrientationLandscapeLeft UIInterfaceOrientationLandscapeRight";
				INFOPLIST_KEY_UISupportedInterfaceOrientations_iPhone = "UIInterfaceOrientationPortrait UIInterfaceOrientationLandscapeLeft UIInterfaceOrientationLandscapeRight";
				LD_RUNPATH_SEARCH_PATHS = (
					"$(inherited)",
					"@executable_path/Frameworks",
				);
				MARKETING_VERSION = 1.0;
				PRODUCT_BUNDLE_IDENTIFIER = com.julieclz.TrendyTravel;
				PRODUCT_NAME = "$(TARGET_NAME)";
				SWIFT_EMIT_LOC_STRINGS = YES;
				SWIFT_VERSION = 5.0;
				TARGETED_DEVICE_FAMILY = "1,2";
			};
			name = Release;
		};
		7539DE4A2A4994670015FA4F /* Debug */ = {
			isa = XCBuildConfiguration;
			buildSettings = {
				ALWAYS_EMBED_SWIFT_STANDARD_LIBRARIES = YES;
				BUNDLE_LOADER = "$(TEST_HOST)";
				CODE_SIGN_STYLE = Automatic;
				CURRENT_PROJECT_VERSION = 1;
				GENERATE_INFOPLIST_FILE = YES;
				IPHONEOS_DEPLOYMENT_TARGET = 16.4;
				MARKETING_VERSION = 1.0;
				PRODUCT_BUNDLE_IDENTIFIER = com.julieclz.TrendyTravelTests;
				PRODUCT_NAME = "$(TARGET_NAME)";
				SWIFT_EMIT_LOC_STRINGS = NO;
				SWIFT_VERSION = 5.0;
				TARGETED_DEVICE_FAMILY = "1,2";
				TEST_HOST = "$(BUILT_PRODUCTS_DIR)/TrendyTravel.app/$(BUNDLE_EXECUTABLE_FOLDER_PATH)/TrendyTravel";
			};
			name = Debug;
		};
		7539DE4B2A4994670015FA4F /* Release */ = {
			isa = XCBuildConfiguration;
			buildSettings = {
				ALWAYS_EMBED_SWIFT_STANDARD_LIBRARIES = YES;
				BUNDLE_LOADER = "$(TEST_HOST)";
				CODE_SIGN_STYLE = Automatic;
				CURRENT_PROJECT_VERSION = 1;
				GENERATE_INFOPLIST_FILE = YES;
				IPHONEOS_DEPLOYMENT_TARGET = 16.4;
				MARKETING_VERSION = 1.0;
				PRODUCT_BUNDLE_IDENTIFIER = com.julieclz.TrendyTravelTests;
				PRODUCT_NAME = "$(TARGET_NAME)";
				SWIFT_EMIT_LOC_STRINGS = NO;
				SWIFT_VERSION = 5.0;
				TARGETED_DEVICE_FAMILY = "1,2";
				TEST_HOST = "$(BUILT_PRODUCTS_DIR)/TrendyTravel.app/$(BUNDLE_EXECUTABLE_FOLDER_PATH)/TrendyTravel";
			};
			name = Release;
		};
		7539DE4D2A4994670015FA4F /* Debug */ = {
			isa = XCBuildConfiguration;
			buildSettings = {
				ALWAYS_EMBED_SWIFT_STANDARD_LIBRARIES = YES;
				CODE_SIGN_STYLE = Automatic;
				CURRENT_PROJECT_VERSION = 1;
				GENERATE_INFOPLIST_FILE = YES;
				MARKETING_VERSION = 1.0;
				PRODUCT_BUNDLE_IDENTIFIER = com.julieclz.TrendyTravelUITests;
				PRODUCT_NAME = "$(TARGET_NAME)";
				SWIFT_EMIT_LOC_STRINGS = NO;
				SWIFT_VERSION = 5.0;
				TARGETED_DEVICE_FAMILY = "1,2";
				TEST_TARGET_NAME = TrendyTravel;
			};
			name = Debug;
		};
		7539DE4E2A4994670015FA4F /* Release */ = {
			isa = XCBuildConfiguration;
			buildSettings = {
				ALWAYS_EMBED_SWIFT_STANDARD_LIBRARIES = YES;
				CODE_SIGN_STYLE = Automatic;
				CURRENT_PROJECT_VERSION = 1;
				GENERATE_INFOPLIST_FILE = YES;
				MARKETING_VERSION = 1.0;
				PRODUCT_BUNDLE_IDENTIFIER = com.julieclz.TrendyTravelUITests;
				PRODUCT_NAME = "$(TARGET_NAME)";
				SWIFT_EMIT_LOC_STRINGS = NO;
				SWIFT_VERSION = 5.0;
				TARGETED_DEVICE_FAMILY = "1,2";
				TEST_TARGET_NAME = TrendyTravel;
			};
			name = Release;
		};
/* End XCBuildConfiguration section */

/* Begin XCConfigurationList section */
		7539DE1D2A4994650015FA4F /* Build configuration list for PBXProject "TrendyTravel" */ = {
			isa = XCConfigurationList;
			buildConfigurations = (
				7539DE442A4994670015FA4F /* Debug */,
				7539DE452A4994670015FA4F /* Release */,
			);
			defaultConfigurationIsVisible = 0;
			defaultConfigurationName = Release;
		};
		7539DE462A4994670015FA4F /* Build configuration list for PBXNativeTarget "TrendyTravel" */ = {
			isa = XCConfigurationList;
			buildConfigurations = (
				7539DE472A4994670015FA4F /* Debug */,
				7539DE482A4994670015FA4F /* Release */,
			);
			defaultConfigurationIsVisible = 0;
			defaultConfigurationName = Release;
		};
		7539DE492A4994670015FA4F /* Build configuration list for PBXNativeTarget "TrendyTravelTests" */ = {
			isa = XCConfigurationList;
			buildConfigurations = (
				7539DE4A2A4994670015FA4F /* Debug */,
				7539DE4B2A4994670015FA4F /* Release */,
			);
			defaultConfigurationIsVisible = 0;
			defaultConfigurationName = Release;
		};
		7539DE4C2A4994670015FA4F /* Build configuration list for PBXNativeTarget "TrendyTravelUITests" */ = {
			isa = XCConfigurationList;
			buildConfigurations = (
				7539DE4D2A4994670015FA4F /* Debug */,
				7539DE4E2A4994670015FA4F /* Release */,
			);
			defaultConfigurationIsVisible = 0;
			defaultConfigurationName = Release;
		};
/* End XCConfigurationList section */

/* Begin XCRemoteSwiftPackageReference section */
		1082DBE12A667D4E006870CE /* XCRemoteSwiftPackageReference "NetworkManager" */ = {
			isa = XCRemoteSwiftPackageReference;
			repositoryURL = "https://github.com/nydina/NetworkManager";
			requirement = {
				branch = main;
				kind = branch;
			};
		};
/* End XCRemoteSwiftPackageReference section */

/* Begin XCSwiftPackageProductDependency section */
		1082DBE22A667D4E006870CE /* NetworkManager */ = {
			isa = XCSwiftPackageProductDependency;
			package = 1082DBE12A667D4E006870CE /* XCRemoteSwiftPackageReference "NetworkManager" */;
			productName = NetworkManager;
		};
/* End XCSwiftPackageProductDependency section */
	};
	rootObject = 7539DE1A2A4994650015FA4F /* Project object */;
}
