{
  "pins" : [
    {
      "identity" : "networkmanager",
      "kind" : "remoteSourceControl",
      "location" : "https://github.com/nydina/NetworkManager",
      "state" : {
        "branch" : "main",
        "revision" : "8926621f5b9655a2f728e42c20bf0b36647a240c"
      }
    }
  ],
  "version" : 2
}
