{
  "pins" : [
    {
      "identity" : "networkmanager",
      "kind" : "remoteSourceControl",
      "location" : "https://github.com/nydina/NetworkManager",
      "state" : {
        "branch" : "main",
        "revision" : "5f6d8d5f537fd9831af5d8c93f7625b27acf2275"
      }
    }
  ],
  "version" : 2
}
