{
  "pins" : [
    {
      "identity" : "networkmanager",
      "kind" : "remoteSourceControl",
      "location" : "https://github.com/nydina/NetworkManager",
      "state" : {
        "branch" : "main",
        "revision" : "edddeb055711e76348ba25716698f7315a7aefa1"
      }
    }
  ],
  "version" : 2
}
